PODS:
  - Alamofire (4.5.0)
  - Locksmith (3.0.0)
  - SWRevealViewController (2.3.0)

DEPENDENCIES:
  - Alamofire (~> 4.0)
  - Locksmith
  - SWRevealViewController (<= 2.3.0)

SPEC CHECKSUMS:
  Alamofire: f28cdffd29de33a7bfa022cbd63ae95a27fae140
  Locksmith: 310b4cc5031af5728bf4db5d4de547a5100c6a3b
  SWRevealViewController: 6d3fd97f70112fd7cef9de14df4260eacce4c63a

PODFILE CHECKSUM: 4f68bb6cf220824f12ba7f7c74917653ec468f00

COCOAPODS: 1.2.1
