PODS:
  - Alamofire (4.5.0)
  - JVFloatLabeledTextField (1.2.0)
  - Locksmith (3.0.0)
  - NBNRequestKit (2.0.2)
  - OctoKit.swift (0.7.3):
    - NBNRequestKit (~> 2.0)
  - SWRevealViewController (2.3.0)

DEPENDENCIES:
  - Alamofire (~> 4.0)
  - JVFloatLabeledTextField
  - Locksmith
  - OctoKit.swift
  - SWRevealViewController (<= 2.3.0)

SPEC CHECKSUMS:
  Alamofire: f28cdffd29de33a7bfa022cbd63ae95a27fae140
  JVFloatLabeledTextField: 96c0c1b6739001801340d25b86aff990d67c4181
  Locksmith: 310b4cc5031af5728bf4db5d4de547a5100c6a3b
  NBNRequestKit: 70d514748747aca66e2e2ed17340f91d5ed6d1d4
  OctoKit.swift: e1c2de583a16cce003fe2321ac0fecc3dcacc5e3
  SWRevealViewController: 6d3fd97f70112fd7cef9de14df4260eacce4c63a

PODFILE CHECKSUM: 6ce349eecc1e77f8662e10ab8468f5c4fb1d93f5

COCOAPODS: 1.2.1
